# generated by rye
# use `rye lock` or `rye sync` to update this lockfile
#
# last locked with the following flags:
#   pre: false
#   features: []
#   all-features: false
#   with-sources: false
#   generate-hashes: false
#   universal: false

-e file:.
annotated-types==0.7.0
    # via craft-platforms
attrs==23.2.0
    # via jsonschema
    # via referencing
certifi==2024.7.4
    # via requests
cffi==1.16.0
    # via cryptography
    # via pygit2
    # via pynacl
charset-normalizer==3.3.2
    # via requests
craft-application==3.2.0
    # via charmcraft
craft-archives==1.2.0
    # via craft-application
craft-cli==2.6.0
    # via charmcraft
    # via craft-application
craft-grammar==1.2.0
    # via craft-application
craft-parts==1.33.0
    # via charmcraft
    # via craft-application
craft-platforms==0.1.1
    # via charmcraft
craft-providers==1.24.1
    # via charmcraft
    # via craft-application
craft-store==2.6.2
    # via charmcraft
cryptography==43.0.0
    # via secretstorage
deprecated==1.2.14
    # via pydantic-yaml
distro==1.9.0
    # via charmcraft
    # via craft-archives
    # via craft-platforms
    # via lazr-restfulclient
docker==7.1.0
    # via charmcraft
httplib2==0.22.0
    # via launchpadlib
    # via lazr-restfulclient
humanize==4.10.0
    # via charmcraft
idna==3.7
    # via requests
importlib-metadata==8.1.0
    # via keyring
    # via pydantic-yaml
jaraco-classes==3.4.0
    # via keyring
jeepney==0.8.0
    # via keyring
    # via secretstorage
jinja2==3.1.4
    # via charmcraft
jsonschema==4.23.0
    # via charmcraft
jsonschema-specifications==2023.12.1
    # via jsonschema
keyring==24.3.1
    # via craft-store
launchpadlib==2.0.0
    # via craft-archives
lazr-restfulclient==0.14.6
    # via craft-archives
    # via launchpadlib
lazr-uri==1.0.6
    # via craft-archives
    # via launchpadlib
    # via wadllib
macaroonbakery==1.3.4
    # via craft-store
markupsafe==2.1.5
    # via jinja2
more-itertools==10.3.0
    # via jaraco-classes
oauthlib==3.2.2
    # via lazr-restfulclient
overrides==7.7.0
    # via craft-archives
    # via craft-grammar
    # via craft-parts
    # via craft-store
packaging==24.1
    # via craft-providers
platformdirs==4.2.2
    # via craft-application
    # via craft-cli
protobuf==5.27.2
    # via macaroonbakery
pycparser==2.22
    # via cffi
pydantic==1.10.17
    # via charmcraft
    # via craft-application
    # via craft-archives
    # via craft-parts
    # via craft-providers
    # via craft-store
    # via pydantic-yaml
pydantic-yaml==0.11.2
    # via craft-application
    # via craft-parts
pygit2==1.14.1
    # via craft-application
pymacaroons==0.13.0
    # via macaroonbakery
pynacl==1.5.0
    # via macaroonbakery
    # via pymacaroons
pyparsing==3.1.2
    # via httplib2
pyrfc3339==1.1
    # via macaroonbakery
python-dateutil==2.9.0.post0
    # via charmcraft
pytz==2024.1
    # via pyrfc3339
pyxdg==0.28
    # via craft-parts
    # via craft-store
pyyaml==6.0.1
    # via charmcraft
    # via craft-application
    # via craft-cli
    # via craft-parts
    # via craft-providers
    # via pydantic-yaml
    # via snap-helpers
referencing==0.35.1
    # via jsonschema
    # via jsonschema-specifications
requests==2.31.0
    # via charmcraft
    # via craft-application
    # via craft-parts
    # via craft-providers
    # via craft-store
    # via docker
    # via macaroonbakery
    # via requests-toolbelt
    # via requests-unixsocket
requests-toolbelt==1.0.0
    # via charmcraft
    # via craft-store
requests-unixsocket==0.3.0
    # via charmcraft
    # via craft-parts
    # via craft-providers
rpds-py==0.19.0
    # via jsonschema
    # via referencing
secretstorage==3.3.3
    # via keyring
setuptools==71.1.0
    # via lazr-restfulclient
    # via lazr-uri
    # via wadllib
six==1.16.0
    # via lazr-restfulclient
    # via macaroonbakery
    # via pymacaroons
    # via python-dateutil
snap-helpers==0.4.2
    # via charmcraft
    # via craft-application
tabulate==0.9.0
    # via charmcraft
types-deprecated==1.2.9.20240311
    # via pydantic-yaml
types-pyyaml==6.0.12.20240311
    # via pydantic-yaml
typing-extensions==4.12.2
    # via craft-application
    # via craft-platforms
    # via pydantic
urllib3==1.26.19
    # via charmcraft
    # via craft-parts
    # via craft-providers
    # via docker
    # via requests
wadllib==1.3.6
    # via lazr-restfulclient
wrapt==1.16.0
    # via deprecated
zipp==3.19.2
    # via importlib-metadata
