# generated by rye
# use `rye lock` or `rye sync` to update this lockfile
#
# last locked with the following flags:
#   pre: false
#   features: ["dev,lint,types,apt"]
#   all-features: false
#   with-sources: false
#   generate-hashes: false
#   universal: true

-e file:.
annotated-types==0.7.0
    # via craft-platforms
attrs==23.2.0
    # via hypothesis
    # via jsonschema
    # via referencing
black==24.4.2
    # via charmcraft
certifi==2024.7.4
    # via requests
cffi==1.16.0
    # via cryptography
    # via pygit2
    # via pynacl
charset-normalizer==3.3.2
    # via requests
click==8.1.7
    # via black
codespell==2.3.0
    # via charmcraft
colorama==0.4.6 ; platform_system == 'Windows' or sys_platform == 'win32'
    # via click
    # via pytest
coverage==7.6.0
    # via charmcraft
    # via pytest-cov
craft-application==3.2.0
    # via charmcraft
craft-archives==1.2.0
    # via craft-application
craft-cli==2.6.0
    # via charmcraft
    # via craft-application
craft-grammar==1.2.0
    # via craft-application
craft-parts==1.33.0
    # via charmcraft
    # via craft-application
craft-platforms==0.1.1
    # via charmcraft
craft-providers==1.24.1
    # via charmcraft
    # via craft-application
craft-store==2.6.2
    # via charmcraft
cryptography==43.0.0 ; sys_platform == 'linux'
    # via secretstorage
deprecated==1.2.14
    # via pydantic-yaml
distro==1.9.0
    # via charmcraft
    # via craft-archives
    # via craft-platforms
    # via lazr-restfulclient
docker==7.1.0
    # via charmcraft
exceptiongroup==1.2.2 ; python_version < '3.11'
    # via hypothesis
    # via pytest
flake8==7.1.0
    # via charmcraft
freezegun==1.5.1
    # via charmcraft
httplib2==0.22.0
    # via launchpadlib
    # via lazr-restfulclient
humanize==4.10.0
    # via charmcraft
hypothesis==6.108.5
    # via charmcraft
idna==3.7
    # via requests
importlib-metadata==8.1.0
    # via keyring
    # via pydantic-yaml
iniconfig==2.0.0
    # via pytest
jaraco-classes==3.4.0
    # via keyring
jeepney==0.8.0 ; sys_platform == 'linux'
    # via keyring
    # via secretstorage
jinja2==3.1.4
    # via charmcraft
jsonschema==4.23.0
    # via charmcraft
jsonschema-specifications==2023.12.1
    # via jsonschema
keyring==24.3.1
    # via craft-store
launchpadlib==2.0.0
    # via craft-archives
lazr-restfulclient==0.14.6
    # via craft-archives
    # via launchpadlib
lazr-uri==1.0.6
    # via craft-archives
    # via launchpadlib
    # via wadllib
lxml==5.2.2
    # via mypy
macaroonbakery==1.3.4
    # via craft-store
markupsafe==2.1.5
    # via jinja2
mccabe==0.7.0
    # via flake8
more-itertools==10.3.0
    # via jaraco-classes
mypy==1.11.1
    # via charmcraft
mypy-extensions==1.0.0
    # via black
    # via mypy
nodeenv==1.9.1
    # via pyright
oauthlib==3.2.2
    # via lazr-restfulclient
overrides==7.7.0
    # via craft-archives
    # via craft-grammar
    # via craft-parts
    # via craft-store
packaging==24.1
    # via black
    # via craft-providers
    # via pytest
pathspec==0.12.1
    # via black
    # via yamllint
platformdirs==4.2.2
    # via black
    # via craft-application
    # via craft-cli
pluggy==1.5.0
    # via pytest
protobuf==5.27.2
    # via macaroonbakery
pycodestyle==2.12.0
    # via flake8
pycparser==2.22
    # via cffi
pydantic==1.10.17
    # via charmcraft
    # via craft-application
    # via craft-archives
    # via craft-parts
    # via craft-providers
    # via craft-store
    # via pydantic-yaml
pydantic-yaml==0.11.2
    # via craft-application
    # via craft-parts
pydocstyle==6.3.0
    # via charmcraft
pyfakefs==5.6.0
    # via charmcraft
pyflakes==3.2.0
    # via flake8
pygit2==1.14.1
    # via craft-application
pymacaroons==0.13.0
    # via macaroonbakery
pynacl==1.5.0
    # via macaroonbakery
    # via pymacaroons
pyparsing==3.1.2
    # via httplib2
pyrfc3339==1.1
    # via macaroonbakery
pyright==1.1.366
    # via charmcraft
pytest==8.3.2
    # via charmcraft
    # via pytest-check
    # via pytest-cov
    # via pytest-mock
    # via pytest-subprocess
pytest-check==2.3.1
    # via charmcraft
pytest-cov==5.0.0
    # via charmcraft
pytest-mock==3.14.0
    # via charmcraft
pytest-subprocess==1.5.2
    # via charmcraft
python-apt==2.4.0+ubuntu3 ; sys_platform == 'linux'
    # via charmcraft
python-dateutil==2.9.0.post0
    # via charmcraft
    # via freezegun
pytz==2024.1
    # via pyrfc3339
pywin32==306 ; sys_platform == 'win32'
    # via craft-cli
    # via docker
pywin32-ctypes==0.2.2 ; sys_platform == 'win32'
    # via keyring
pyxdg==0.28
    # via craft-parts
    # via craft-store
pyyaml==6.0.1
    # via charmcraft
    # via craft-application
    # via craft-cli
    # via craft-parts
    # via craft-providers
    # via pydantic-yaml
    # via responses
    # via snap-helpers
    # via yamllint
referencing==0.35.1
    # via jsonschema
    # via jsonschema-specifications
requests==2.31.0
    # via charmcraft
    # via craft-application
    # via craft-parts
    # via craft-providers
    # via craft-store
    # via docker
    # via macaroonbakery
    # via requests-toolbelt
    # via requests-unixsocket
    # via responses
requests-toolbelt==1.0.0
    # via charmcraft
    # via craft-store
requests-unixsocket==0.3.0
    # via charmcraft
    # via craft-parts
    # via craft-providers
responses==0.25.3
    # via charmcraft
rpds-py==0.19.0
    # via jsonschema
    # via referencing
secretstorage==3.3.3 ; sys_platform == 'linux'
    # via keyring
setuptools==71.1.0
    # via lazr-restfulclient
    # via lazr-uri
    # via pygit2
    # via wadllib
six==1.16.0
    # via lazr-restfulclient
    # via macaroonbakery
    # via pymacaroons
    # via python-dateutil
snap-helpers==0.4.2
    # via charmcraft
    # via craft-application
snowballstemmer==2.2.0
    # via pydocstyle
sortedcontainers==2.4.0
    # via hypothesis
tabulate==0.9.0
    # via charmcraft
tomli==2.0.1 ; python_full_version <= '3.11.0a6' or python_version < '3.11'
    # via black
    # via coverage
    # via mypy
    # via pytest
types-deprecated==1.2.9.20240311
    # via pydantic-yaml
types-python-dateutil==2.9.0.20240316
    # via charmcraft
types-pyyaml==6.0.12.20240311
    # via pydantic-yaml
types-requests==2.31.0.6
    # via charmcraft
types-setuptools==71.1.0.20240726
    # via charmcraft
types-tabulate==0.9.0.20240106
    # via charmcraft
types-urllib3==1.26.25.14
    # via charmcraft
    # via types-requests
typing-extensions==4.12.2
    # via black
    # via craft-application
    # via craft-platforms
    # via mypy
    # via pydantic
urllib3==1.26.19
    # via charmcraft
    # via craft-parts
    # via craft-providers
    # via docker
    # via requests
    # via responses
wadllib==1.3.6
    # via lazr-restfulclient
wrapt==1.16.0
    # via deprecated
yamllint==1.35.1
    # via charmcraft
zipp==3.19.2
    # via importlib-metadata
