version = 1
revision = 3
requires-python = ">=3.8"
resolution-markers = [
    "python_full_version >= '3.9'",
    "python_full_version < '3.9'",
]

[manifest]
build-constraints = [{ name = "setuptools-scm", marker = "python_full_version < '3.10'", specifier = "<8.3.0" }]

[[package]]
name = "deprecated"
version = "1.3.1"
source = { registry = "https://pypi.org/simple" }
dependencies = [
    { name = "wrapt", marker = "python_full_version < '3.9'" },
]
sdist = { url = "https://files.pythonhosted.org/packages/49/85/12f0a49a7c4ffb70572b6c2ef13c90c88fd190debda93b23f026b25f9634/deprecated-1.3.1.tar.gz", hash = "sha256:b1b50e0ff0c1fddaa5708a2c6b0a6588bb09b892825ab2b214ac9ea9d92a5223", size = 2932523, upload-time = "2025-10-30T08:19:02.757Z" }
wheels = [
    { url = "https://files.pythonhosted.org/packages/84/d0/205d54408c08b13550c733c4b85429e7ead111c7f0014309637425520a9a/deprecated-1.3.1-py2.py3-none-any.whl", hash = "sha256:597bfef186b6f60181535a29fbe44865ce137a5079f295b479886c82729d5f3f", size = 11298, upload-time = "2025-10-30T08:19:00.758Z" },
]

[[package]]
name = "importlib-metadata"
version = "8.5.0"
source = { registry = "https://pypi.org/simple" }
resolution-markers = [
    "python_full_version < '3.9'",
]
dependencies = [
    { name = "zipp", version = "3.20.2", source = { registry = "https://pypi.org/simple" }, marker = "python_full_version < '3.9'" },
]
sdist = { url = "https://files.pythonhosted.org/packages/cd/12/33e59336dca5be0c398a7482335911a33aa0e20776128f038019f1a95f1b/importlib_metadata-8.5.0.tar.gz", hash = "sha256:71522656f0abace1d072b9e5481a48f07c138e00f079c38c8f883823f9c26bd7", size = 55304, upload-time = "2024-09-11T14:56:08.937Z" }
wheels = [
    { url = "https://files.pythonhosted.org/packages/a0/d9/a1e041c5e7caa9a05c925f4bdbdfb7f006d1f74996af53467bc394c97be7/importlib_metadata-8.5.0-py3-none-any.whl", hash = "sha256:45e54197d28b7a7f1559e60b95e7c567032b602131fbd588f1497f47880aa68b", size = 26514, upload-time = "2024-09-11T14:56:07.019Z" },
]

[[package]]
name = "importlib-metadata"
version = "8.7.1"
source = { registry = "https://pypi.org/simple" }
resolution-markers = [
    "python_full_version >= '3.9'",
]
dependencies = [
    { name = "zipp", version = "3.23.0", source = { registry = "https://pypi.org/simple" }, marker = "python_full_version >= '3.9'" },
]
sdist = { url = "https://files.pythonhosted.org/packages/f3/49/3b30cad09e7771a4982d9975a8cbf64f00d4a1ececb53297f1d9a7be1b10/importlib_metadata-8.7.1.tar.gz", hash = "sha256:49fef1ae6440c182052f407c8d34a68f72efc36db9ca90dc0113398f2fdde8bb", size = 57107, upload-time = "2025-12-21T10:00:19.278Z" }
wheels = [
    { url = "https://files.pythonhosted.org/packages/fa/5e/f8e9a1d23b9c20a551a8a02ea3637b4642e22c2626e3a13a9a29cdea99eb/importlib_metadata-8.7.1-py3-none-any.whl", hash = "sha256:5a1f80bf1daa489495071efbb095d75a634cf28a8bc299581244063b53176151", size = 27865, upload-time = "2025-12-21T10:00:18.329Z" },
]

[[package]]
name = "opentelemetry-api"
version = "1.33.1"
source = { registry = "https://pypi.org/simple" }
resolution-markers = [
    "python_full_version < '3.9'",
]
dependencies = [
    { name = "deprecated", marker = "python_full_version < '3.9'" },
    { name = "importlib-metadata", version = "8.5.0", source = { registry = "https://pypi.org/simple" }, marker = "python_full_version < '3.9'" },
]
sdist = { url = "https://files.pythonhosted.org/packages/9a/8d/1f5a45fbcb9a7d87809d460f09dc3399e3fbd31d7f3e14888345e9d29951/opentelemetry_api-1.33.1.tar.gz", hash = "sha256:1c6055fc0a2d3f23a50c7e17e16ef75ad489345fd3df1f8b8af7c0bbf8a109e8", size = 65002, upload-time = "2025-05-16T18:52:41.146Z" }
wheels = [
    { url = "https://files.pythonhosted.org/packages/05/44/4c45a34def3506122ae61ad684139f0bbc4e00c39555d4f7e20e0e001c8a/opentelemetry_api-1.33.1-py3-none-any.whl", hash = "sha256:4db83ebcf7ea93e64637ec6ee6fabee45c5cbe4abd9cf3da95c43828ddb50b83", size = 65771, upload-time = "2025-05-16T18:52:17.419Z" },
]

[[package]]
name = "opentelemetry-api"
version = "1.39.1"
source = { registry = "https://pypi.org/simple" }
resolution-markers = [
    "python_full_version >= '3.9'",
]
dependencies = [
    { name = "importlib-metadata", version = "8.7.1", source = { registry = "https://pypi.org/simple" }, marker = "python_full_version >= '3.9'" },
    { name = "typing-extensions", marker = "python_full_version >= '3.9'" },
]
sdist = { url = "https://files.pythonhosted.org/packages/97/b9/3161be15bb8e3ad01be8be5a968a9237c3027c5be504362ff800fca3e442/opentelemetry_api-1.39.1.tar.gz", hash = "sha256:fbde8c80e1b937a2c61f20347e91c0c18a1940cecf012d62e65a7caf08967c9c", size = 65767, upload-time = "2025-12-11T13:32:39.182Z" }
wheels = [
    { url = "https://files.pythonhosted.org/packages/cf/df/d3f1ddf4bb4cb50ed9b1139cc7b1c54c34a1e7ce8fd1b9a37c0d1551a6bd/opentelemetry_api-1.39.1-py3-none-any.whl", hash = "sha256:2edd8463432a7f8443edce90972169b195e7d6a05500cd29e6d13898187c9950", size = 66356, upload-time = "2025-12-11T13:32:17.304Z" },
]

[[package]]
name = "setuptools-scm-python"
version = "0.1.0"
source = { virtual = "." }
dependencies = [
    { name = "opentelemetry-api", version = "1.33.1", source = { registry = "https://pypi.org/simple" }, marker = "python_full_version < '3.9'" },
    { name = "opentelemetry-api", version = "1.39.1", source = { registry = "https://pypi.org/simple" }, marker = "python_full_version >= '3.9'" },
]

[package.metadata]
requires-dist = [{ name = "opentelemetry-api" }]

[[package]]
name = "typing-extensions"
version = "4.15.0"
source = { registry = "https://pypi.org/simple" }
sdist = { url = "https://files.pythonhosted.org/packages/72/94/1a15dd82efb362ac84269196e94cf00f187f7ed21c242792a923cdb1c61f/typing_extensions-4.15.0.tar.gz", hash = "sha256:0cea48d173cc12fa28ecabc3b837ea3cf6f38c6d1136f85cbaaf598984861466", size = 109391, upload-time = "2025-08-25T13:49:26.313Z" }
wheels = [
    { url = "https://files.pythonhosted.org/packages/18/67/36e9267722cc04a6b9f15c7f3441c2363321a3ea07da7ae0c0707beb2a9c/typing_extensions-4.15.0-py3-none-any.whl", hash = "sha256:f0fa19c6845758ab08074a0cfa8b7aecb71c999ca73d62883bc25cc018c4e548", size = 44614, upload-time = "2025-08-25T13:49:24.86Z" },
]

[[package]]
name = "wrapt"
version = "2.0.1"
source = { registry = "https://pypi.org/simple" }
sdist = { url = "https://files.pythonhosted.org/packages/49/2a/6de8a50cb435b7f42c46126cf1a54b2aab81784e74c8595c8e025e8f36d3/wrapt-2.0.1.tar.gz", hash = "sha256:9c9c635e78497cacb81e84f8b11b23e0aacac7a136e73b8e5b2109a1d9fc468f", size = 82040, upload-time = "2025-11-07T00:45:33.312Z" }
wheels = [
    { url = "https://files.pythonhosted.org/packages/61/0d/12d8c803ed2ce4e5e7d5b9f5f602721f9dfef82c95959f3ce97fa584bb5c/wrapt-2.0.1-cp310-cp310-macosx_10_9_universal2.whl", hash = "sha256:64b103acdaa53b7caf409e8d45d39a8442fe6dcfec6ba3f3d141e0cc2b5b4dbd", size = 77481, upload-time = "2025-11-07T00:43:11.103Z" },
    { url = "https://files.pythonhosted.org/packages/05/3e/4364ebe221ebf2a44d9fc8695a19324692f7dd2795e64bd59090856ebf12/wrapt-2.0.1-cp310-cp310-macosx_10_9_x86_64.whl", hash = "sha256:91bcc576260a274b169c3098e9a3519fb01f2989f6d3d386ef9cbf8653de1374", size = 60692, upload-time = "2025-11-07T00:43:13.697Z" },
    { url = "https://files.pythonhosted.org/packages/1f/ff/ae2a210022b521f86a8ddcdd6058d137c051003812b0388a5e9a03d3fe10/wrapt-2.0.1-cp310-cp310-macosx_11_0_arm64.whl", hash = "sha256:ab594f346517010050126fcd822697b25a7031d815bb4fbc238ccbe568216489", size = 61574, upload-time = "2025-11-07T00:43:14.967Z" },
    { url = "https://files.pythonhosted.org/packages/c6/93/5cf92edd99617095592af919cb81d4bff61c5dbbb70d3c92099425a8ec34/wrapt-2.0.1-cp310-cp310-manylinux1_x86_64.manylinux_2_28_x86_64.manylinux_2_5_x86_64.whl", hash = "sha256:36982b26f190f4d737f04a492a68accbfc6fa042c3f42326fdfbb6c5b7a20a31", size = 113688, upload-time = "2025-11-07T00:43:18.275Z" },
    { url = "https://files.pythonhosted.org/packages/a0/0a/e38fc0cee1f146c9fb266d8ef96ca39fb14a9eef165383004019aa53f88a/wrapt-2.0.1-cp310-cp310-manylinux2014_aarch64.manylinux_2_17_aarch64.manylinux_2_28_aarch64.whl", hash = "sha256:23097ed8bc4c93b7bf36fa2113c6c733c976316ce0ee2c816f64ca06102034ef", size = 115698, upload-time = "2025-11-07T00:43:19.407Z" },
    { url = "https://files.pythonhosted.org/packages/b0/85/bef44ea018b3925fb0bcbe9112715f665e4d5309bd945191da814c314fd1/wrapt-2.0.1-cp310-cp310-manylinux_2_31_riscv64.manylinux_2_39_riscv64.whl", hash = "sha256:8bacfe6e001749a3b64db47bcf0341da757c95959f592823a93931a422395013", size = 112096, upload-time = "2025-11-07T00:43:16.5Z" },
    { url = "https://files.pythonhosted.org/packages/7c/0b/733a2376e413117e497aa1a5b1b78e8f3a28c0e9537d26569f67d724c7c5/wrapt-2.0.1-cp310-cp310-musllinux_1_2_aarch64.whl", hash = "sha256:8ec3303e8a81932171f455f792f8df500fc1a09f20069e5c16bd7049ab4e8e38", size = 114878, upload-time = "2025-11-07T00:43:20.81Z" },
    { url = "https://files.pythonhosted.org/packages/da/03/d81dcb21bbf678fcda656495792b059f9d56677d119ca022169a12542bd0/wrapt-2.0.1-cp310-cp310-musllinux_1_2_riscv64.whl", hash = "sha256:3f373a4ab5dbc528a94334f9fe444395b23c2f5332adab9ff4ea82f5a9e33bc1", size = 111298, upload-time = "2025-11-07T00:43:22.229Z" },
    { url = "https://files.pythonhosted.org/packages/c9/d5/5e623040e8056e1108b787020d56b9be93dbbf083bf2324d42cde80f3a19/wrapt-2.0.1-cp310-cp310-musllinux_1_2_x86_64.whl", hash = "sha256:f49027b0b9503bf6c8cdc297ca55006b80c2f5dd36cecc72c6835ab6e10e8a25", size = 113361, upload-time = "2025-11-07T00:43:24.301Z" },
    { url = "https://files.pythonhosted.org/packages/a1/f3/de535ccecede6960e28c7b722e5744846258111d6c9f071aa7578ea37ad3/wrapt-2.0.1-cp310-cp310-win32.whl", hash = "sha256:8330b42d769965e96e01fa14034b28a2a7600fbf7e8f0cc90ebb36d492c993e4", size = 58035, upload-time = "2025-11-07T00:43:28.96Z" },
    { url = "https://files.pythonhosted.org/packages/21/15/39d3ca5428a70032c2ec8b1f1c9d24c32e497e7ed81aed887a4998905fcc/wrapt-2.0.1-cp310-cp310-win_amd64.whl", hash = "sha256:1218573502a8235bb8a7ecaed12736213b22dcde9feab115fa2989d42b5ded45", size = 60383, upload-time = "2025-11-07T00:43:25.804Z" },
    { url = "https://files.pythonhosted.org/packages/43/c2/dfd23754b7f7a4dce07e08f4309c4e10a40046a83e9ae1800f2e6b18d7c1/wrapt-2.0.1-cp310-cp310-win_arm64.whl", hash = "sha256:eda8e4ecd662d48c28bb86be9e837c13e45c58b8300e43ba3c9b4fa9900302f7", size = 58894, upload-time = "2025-11-07T00:43:27.074Z" },
    { url = "https://files.pythonhosted.org/packages/98/60/553997acf3939079dab022e37b67b1904b5b0cc235503226898ba573b10c/wrapt-2.0.1-cp311-cp311-macosx_10_9_universal2.whl", hash = "sha256:0e17283f533a0d24d6e5429a7d11f250a58d28b4ae5186f8f47853e3e70d2590", size = 77480, upload-time = "2025-11-07T00:43:30.573Z" },
    { url = "https://files.pythonhosted.org/packages/2d/50/e5b3d30895d77c52105c6d5cbf94d5b38e2a3dd4a53d22d246670da98f7c/wrapt-2.0.1-cp311-cp311-macosx_10_9_x86_64.whl", hash = "sha256:85df8d92158cb8f3965aecc27cf821461bb5f40b450b03facc5d9f0d4d6ddec6", size = 60690, upload-time = "2025-11-07T00:43:31.594Z" },
    { url = "https://files.pythonhosted.org/packages/f0/40/660b2898703e5cbbb43db10cdefcc294274458c3ca4c68637c2b99371507/wrapt-2.0.1-cp311-cp311-macosx_11_0_arm64.whl", hash = "sha256:c1be685ac7700c966b8610ccc63c3187a72e33cab53526a27b2a285a662cd4f7", size = 61578, upload-time = "2025-11-07T00:43:32.918Z" },
    { url = "https://files.pythonhosted.org/packages/5b/36/825b44c8a10556957bc0c1d84c7b29a40e05fcf1873b6c40aa9dbe0bd972/wrapt-2.0.1-cp311-cp311-manylinux1_x86_64.manylinux_2_28_x86_64.manylinux_2_5_x86_64.whl", hash = "sha256:df0b6d3b95932809c5b3fecc18fda0f1e07452d05e2662a0b35548985f256e28", size = 114115, upload-time = "2025-11-07T00:43:35.605Z" },
    { url = "https://files.pythonhosted.org/packages/83/73/0a5d14bb1599677304d3c613a55457d34c344e9b60eda8a737c2ead7619e/wrapt-2.0.1-cp311-cp311-manylinux2014_aarch64.manylinux_2_17_aarch64.manylinux_2_28_aarch64.whl", hash = "sha256:4da7384b0e5d4cae05c97cd6f94faaf78cc8b0f791fc63af43436d98c4ab37bb", size = 116157, upload-time = "2025-11-07T00:43:37.058Z" },
    { url = "https://files.pythonhosted.org/packages/01/22/1c158fe763dbf0a119f985d945711d288994fe5514c0646ebe0eb18b016d/wrapt-2.0.1-cp311-cp311-manylinux_2_31_riscv64.manylinux_2_39_riscv64.whl", hash = "sha256:ec65a78fbd9d6f083a15d7613b2800d5663dbb6bb96003899c834beaa68b242c", size = 112535, upload-time = "2025-11-07T00:43:34.138Z" },
    { url = "https://files.pythonhosted.org/packages/5c/28/4f16861af67d6de4eae9927799b559c20ebdd4fe432e89ea7fe6fcd9d709/wrapt-2.0.1-cp311-cp311-musllinux_1_2_aarch64.whl", hash = "sha256:7de3cc939be0e1174969f943f3b44e0d79b6f9a82198133a5b7fc6cc92882f16", size = 115404, upload-time = "2025-11-07T00:43:39.214Z" },
    { url = "https://files.pythonhosted.org/packages/a0/8b/7960122e625fad908f189b59c4aae2d50916eb4098b0fb2819c5a177414f/wrapt-2.0.1-cp311-cp311-musllinux_1_2_riscv64.whl", hash = "sha256:fb1a5b72cbd751813adc02ef01ada0b0d05d3dcbc32976ce189a1279d80ad4a2", size = 111802, upload-time = "2025-11-07T00:43:40.476Z" },
    { url = "https://files.pythonhosted.org/packages/3e/73/7881eee5ac31132a713ab19a22c9e5f1f7365c8b1df50abba5d45b781312/wrapt-2.0.1-cp311-cp311-musllinux_1_2_x86_64.whl", hash = "sha256:3fa272ca34332581e00bf7773e993d4f632594eb2d1b0b162a9038df0fd971dd", size = 113837, upload-time = "2025-11-07T00:43:42.921Z" },
    { url = "https://files.pythonhosted.org/packages/45/00/9499a3d14e636d1f7089339f96c4409bbc7544d0889f12264efa25502ae8/wrapt-2.0.1-cp311-cp311-win32.whl", hash = "sha256:fc007fdf480c77301ab1afdbb6ab22a5deee8885f3b1ed7afcb7e5e84a0e27be", size = 58028, upload-time = "2025-11-07T00:43:47.369Z" },
    { url = "https://files.pythonhosted.org/packages/70/5d/8f3d7eea52f22638748f74b102e38fdf88cb57d08ddeb7827c476a20b01b/wrapt-2.0.1-cp311-cp311-win_amd64.whl", hash = "sha256:47434236c396d04875180171ee1f3815ca1eada05e24a1ee99546320d54d1d1b", size = 60385, upload-time = "2025-11-07T00:43:44.34Z" },
    { url = "https://files.pythonhosted.org/packages/14/e2/32195e57a8209003587bbbad44d5922f13e0ced2a493bb46ca882c5b123d/wrapt-2.0.1-cp311-cp311-win_arm64.whl", hash = "sha256:837e31620e06b16030b1d126ed78e9383815cbac914693f54926d816d35d8edf", size = 58893, upload-time = "2025-11-07T00:43:46.161Z" },
    { url = "https://files.pythonhosted.org/packages/cb/73/8cb252858dc8254baa0ce58ce382858e3a1cf616acebc497cb13374c95c6/wrapt-2.0.1-cp312-cp312-macosx_10_13_universal2.whl", hash = "sha256:1fdbb34da15450f2b1d735a0e969c24bdb8d8924892380126e2a293d9902078c", size = 78129, upload-time = "2025-11-07T00:43:48.852Z" },
    { url = "https://files.pythonhosted.org/packages/19/42/44a0db2108526ee6e17a5ab72478061158f34b08b793df251d9fbb9a7eb4/wrapt-2.0.1-cp312-cp312-macosx_10_13_x86_64.whl", hash = "sha256:3d32794fe940b7000f0519904e247f902f0149edbe6316c710a8562fb6738841", size = 61205, upload-time = "2025-11-07T00:43:50.402Z" },
    { url = "https://files.pythonhosted.org/packages/4d/8a/5b4b1e44b791c22046e90d9b175f9a7581a8cc7a0debbb930f81e6ae8e25/wrapt-2.0.1-cp312-cp312-macosx_11_0_arm64.whl", hash = "sha256:386fb54d9cd903ee0012c09291336469eb7b244f7183d40dc3e86a16a4bace62", size = 61692, upload-time = "2025-11-07T00:43:51.678Z" },
    { url = "https://files.pythonhosted.org/packages/11/53/3e794346c39f462bcf1f58ac0487ff9bdad02f9b6d5ee2dc84c72e0243b2/wrapt-2.0.1-cp312-cp312-manylinux1_x86_64.manylinux_2_28_x86_64.manylinux_2_5_x86_64.whl", hash = "sha256:7b219cb2182f230676308cdcacd428fa837987b89e4b7c5c9025088b8a6c9faf", size = 121492, upload-time = "2025-11-07T00:43:55.017Z" },
    { url = "https://files.pythonhosted.org/packages/c6/7e/10b7b0e8841e684c8ca76b462a9091c45d62e8f2de9c4b1390b690eadf16/wrapt-2.0.1-cp312-cp312-manylinux2014_aarch64.manylinux_2_17_aarch64.manylinux_2_28_aarch64.whl", hash = "sha256:641e94e789b5f6b4822bb8d8ebbdfc10f4e4eae7756d648b717d980f657a9eb9", size = 123064, upload-time = "2025-11-07T00:43:56.323Z" },
    { url = "https://files.pythonhosted.org/packages/0e/d1/3c1e4321fc2f5ee7fd866b2d822aa89b84495f28676fd976c47327c5b6aa/wrapt-2.0.1-cp312-cp312-manylinux_2_31_riscv64.manylinux_2_39_riscv64.whl", hash = "sha256:fe21b118b9f58859b5ebaa4b130dee18669df4bd111daad082b7beb8799ad16b", size = 117403, upload-time = "2025-11-07T00:43:53.258Z" },
    { url = "https://files.pythonhosted.org/packages/a4/b0/d2f0a413cf201c8c2466de08414a15420a25aa83f53e647b7255cc2fab5d/wrapt-2.0.1-cp312-cp312-musllinux_1_2_aarch64.whl", hash = "sha256:17fb85fa4abc26a5184d93b3efd2dcc14deb4b09edcdb3535a536ad34f0b4dba", size = 121500, upload-time = "2025-11-07T00:43:57.468Z" },
    { url = "https://files.pythonhosted.org/packages/bd/45/bddb11d28ca39970a41ed48a26d210505120f925918592283369219f83cc/wrapt-2.0.1-cp312-cp312-musllinux_1_2_riscv64.whl", hash = "sha256:b89ef9223d665ab255ae42cc282d27d69704d94be0deffc8b9d919179a609684", size = 116299, upload-time = "2025-11-07T00:43:58.877Z" },
    { url = "https://files.pythonhosted.org/packages/81/af/34ba6dd570ef7a534e7eec0c25e2615c355602c52aba59413411c025a0cb/wrapt-2.0.1-cp312-cp312-musllinux_1_2_x86_64.whl", hash = "sha256:a453257f19c31b31ba593c30d997d6e5be39e3b5ad9148c2af5a7314061c63eb", size = 120622, upload-time = "2025-11-07T00:43:59.962Z" },
    { url = "https://files.pythonhosted.org/packages/e2/3e/693a13b4146646fb03254636f8bafd20c621955d27d65b15de07ab886187/wrapt-2.0.1-cp312-cp312-win32.whl", hash = "sha256:3e271346f01e9c8b1130a6a3b0e11908049fe5be2d365a5f402778049147e7e9", size = 58246, upload-time = "2025-11-07T00:44:03.169Z" },
    { url = "https://files.pythonhosted.org/packages/a7/36/715ec5076f925a6be95f37917b66ebbeaa1372d1862c2ccd7a751574b068/wrapt-2.0.1-cp312-cp312-win_amd64.whl", hash = "sha256:2da620b31a90cdefa9cd0c2b661882329e2e19d1d7b9b920189956b76c564d75", size = 60492, upload-time = "2025-11-07T00:44:01.027Z" },
    { url = "https://files.pythonhosted.org/packages/ef/3e/62451cd7d80f65cc125f2b426b25fbb6c514bf6f7011a0c3904fc8c8df90/wrapt-2.0.1-cp312-cp312-win_arm64.whl", hash = "sha256:aea9c7224c302bc8bfc892b908537f56c430802560e827b75ecbde81b604598b", size = 58987, upload-time = "2025-11-07T00:44:02.095Z" },
    { url = "https://files.pythonhosted.org/packages/ad/fe/41af4c46b5e498c90fc87981ab2972fbd9f0bccda597adb99d3d3441b94b/wrapt-2.0.1-cp313-cp313-macosx_10_13_universal2.whl", hash = "sha256:47b0f8bafe90f7736151f61482c583c86b0693d80f075a58701dd1549b0010a9", size = 78132, upload-time = "2025-11-07T00:44:04.628Z" },
    { url = "https://files.pythonhosted.org/packages/1c/92/d68895a984a5ebbbfb175512b0c0aad872354a4a2484fbd5552e9f275316/wrapt-2.0.1-cp313-cp313-macosx_10_13_x86_64.whl", hash = "sha256:cbeb0971e13b4bd81d34169ed57a6dda017328d1a22b62fda45e1d21dd06148f", size = 61211, upload-time = "2025-11-07T00:44:05.626Z" },
    { url = "https://files.pythonhosted.org/packages/e8/26/ba83dc5ae7cf5aa2b02364a3d9cf74374b86169906a1f3ade9a2d03cf21c/wrapt-2.0.1-cp313-cp313-macosx_11_0_arm64.whl", hash = "sha256:eb7cffe572ad0a141a7886a1d2efa5bef0bf7fe021deeea76b3ab334d2c38218", size = 61689, upload-time = "2025-11-07T00:44:06.719Z" },
    { url = "https://files.pythonhosted.org/packages/cf/67/d7a7c276d874e5d26738c22444d466a3a64ed541f6ef35f740dbd865bab4/wrapt-2.0.1-cp313-cp313-manylinux1_x86_64.manylinux_2_28_x86_64.manylinux_2_5_x86_64.whl", hash = "sha256:c8d60527d1ecfc131426b10d93ab5d53e08a09c5fa0175f6b21b3252080c70a9", size = 121502, upload-time = "2025-11-07T00:44:09.557Z" },
    { url = "https://files.pythonhosted.org/packages/0f/6b/806dbf6dd9579556aab22fc92908a876636e250f063f71548a8660382184/wrapt-2.0.1-cp313-cp313-manylinux2014_aarch64.manylinux_2_17_aarch64.manylinux_2_28_aarch64.whl", hash = "sha256:c654eafb01afac55246053d67a4b9a984a3567c3808bb7df2f8de1c1caba2e1c", size = 123110, upload-time = "2025-11-07T00:44:10.64Z" },
    { url = "https://files.pythonhosted.org/packages/e5/08/cdbb965fbe4c02c5233d185d070cabed2ecc1f1e47662854f95d77613f57/wrapt-2.0.1-cp313-cp313-manylinux_2_31_riscv64.manylinux_2_39_riscv64.whl", hash = "sha256:98d873ed6c8b4ee2418f7afce666751854d6d03e3c0ec2a399bb039cd2ae89db", size = 117434, upload-time = "2025-11-07T00:44:08.138Z" },
    { url = "https://files.pythonhosted.org/packages/2d/d1/6aae2ce39db4cb5216302fa2e9577ad74424dfbe315bd6669725569e048c/wrapt-2.0.1-cp313-cp313-musllinux_1_2_aarch64.whl", hash = "sha256:c9e850f5b7fc67af856ff054c71690d54fa940c3ef74209ad9f935b4f66a0233", size = 121533, upload-time = "2025-11-07T00:44:12.142Z" },
    { url = "https://files.pythonhosted.org/packages/79/35/565abf57559fbe0a9155c29879ff43ce8bd28d2ca61033a3a3dd67b70794/wrapt-2.0.1-cp313-cp313-musllinux_1_2_riscv64.whl", hash = "sha256:e505629359cb5f751e16e30cf3f91a1d3ddb4552480c205947da415d597f7ac2", size = 116324, upload-time = "2025-11-07T00:44:13.28Z" },
    { url = "https://files.pythonhosted.org/packages/e1/e0/53ff5e76587822ee33e560ad55876d858e384158272cd9947abdd4ad42ca/wrapt-2.0.1-cp313-cp313-musllinux_1_2_x86_64.whl", hash = "sha256:2879af909312d0baf35f08edeea918ee3af7ab57c37fe47cb6a373c9f2749c7b", size = 120627, upload-time = "2025-11-07T00:44:14.431Z" },
    { url = "https://files.pythonhosted.org/packages/7c/7b/38df30fd629fbd7612c407643c63e80e1c60bcc982e30ceeae163a9800e7/wrapt-2.0.1-cp313-cp313-win32.whl", hash = "sha256:d67956c676be5a24102c7407a71f4126d30de2a569a1c7871c9f3cabc94225d7", size = 58252, upload-time = "2025-11-07T00:44:17.814Z" },
    { url = "https://files.pythonhosted.org/packages/85/64/d3954e836ea67c4d3ad5285e5c8fd9d362fd0a189a2db622df457b0f4f6a/wrapt-2.0.1-cp313-cp313-win_amd64.whl", hash = "sha256:9ca66b38dd642bf90c59b6738af8070747b610115a39af2498535f62b5cdc1c3", size = 60500, upload-time = "2025-11-07T00:44:15.561Z" },
    { url = "https://files.pythonhosted.org/packages/89/4e/3c8b99ac93527cfab7f116089db120fef16aac96e5f6cdb724ddf286086d/wrapt-2.0.1-cp313-cp313-win_arm64.whl", hash = "sha256:5a4939eae35db6b6cec8e7aa0e833dcca0acad8231672c26c2a9ab7a0f8ac9c8", size = 58993, upload-time = "2025-11-07T00:44:16.65Z" },
    { url = "https://files.pythonhosted.org/packages/f9/f4/eff2b7d711cae20d220780b9300faa05558660afb93f2ff5db61fe725b9a/wrapt-2.0.1-cp313-cp313t-macosx_10_13_universal2.whl", hash = "sha256:a52f93d95c8d38fed0669da2ebdb0b0376e895d84596a976c15a9eb45e3eccb3", size = 82028, upload-time = "2025-11-07T00:44:18.944Z" },
    { url = "https://files.pythonhosted.org/packages/0c/67/cb945563f66fd0f61a999339460d950f4735c69f18f0a87ca586319b1778/wrapt-2.0.1-cp313-cp313t-macosx_10_13_x86_64.whl", hash = "sha256:4e54bbf554ee29fcceee24fa41c4d091398b911da6e7f5d7bffda963c9aed2e1", size = 62949, upload-time = "2025-11-07T00:44:20.074Z" },
    { url = "https://files.pythonhosted.org/packages/ec/ca/f63e177f0bbe1e5cf5e8d9b74a286537cd709724384ff20860f8f6065904/wrapt-2.0.1-cp313-cp313t-macosx_11_0_arm64.whl", hash = "sha256:908f8c6c71557f4deaa280f55d0728c3bca0960e8c3dd5ceeeafb3c19942719d", size = 63681, upload-time = "2025-11-07T00:44:21.345Z" },
    { url = "https://files.pythonhosted.org/packages/39/a1/1b88fcd21fd835dca48b556daef750952e917a2794fa20c025489e2e1f0f/wrapt-2.0.1-cp313-cp313t-manylinux1_x86_64.manylinux_2_28_x86_64.manylinux_2_5_x86_64.whl", hash = "sha256:e2f84e9af2060e3904a32cea9bb6db23ce3f91cfd90c6b426757cf7cc01c45c7", size = 152696, upload-time = "2025-11-07T00:44:24.318Z" },
    { url = "https://files.pythonhosted.org/packages/62/1c/d9185500c1960d9f5f77b9c0b890b7fc62282b53af7ad1b6bd779157f714/wrapt-2.0.1-cp313-cp313t-manylinux2014_aarch64.manylinux_2_17_aarch64.manylinux_2_28_aarch64.whl", hash = "sha256:e3612dc06b436968dfb9142c62e5dfa9eb5924f91120b3c8ff501ad878f90eb3", size = 158859, upload-time = "2025-11-07T00:44:25.494Z" },
    { url = "https://files.pythonhosted.org/packages/91/60/5d796ed0f481ec003220c7878a1d6894652efe089853a208ea0838c13086/wrapt-2.0.1-cp313-cp313t-manylinux_2_31_riscv64.manylinux_2_39_riscv64.whl", hash = "sha256:6d2d947d266d99a1477cd005b23cbd09465276e302515e122df56bb9511aca1b", size = 146068, upload-time = "2025-11-07T00:44:22.81Z" },
    { url = "https://files.pythonhosted.org/packages/04/f8/75282dd72f102ddbfba137e1e15ecba47b40acff32c08ae97edbf53f469e/wrapt-2.0.1-cp313-cp313t-musllinux_1_2_aarch64.whl", hash = "sha256:7d539241e87b650cbc4c3ac9f32c8d1ac8a54e510f6dca3f6ab60dcfd48c9b10", size = 155724, upload-time = "2025-11-07T00:44:26.634Z" },
    { url = "https://files.pythonhosted.org/packages/5a/27/fe39c51d1b344caebb4a6a9372157bdb8d25b194b3561b52c8ffc40ac7d1/wrapt-2.0.1-cp313-cp313t-musllinux_1_2_riscv64.whl", hash = "sha256:4811e15d88ee62dbf5c77f2c3ff3932b1e3ac92323ba3912f51fc4016ce81ecf", size = 144413, upload-time = "2025-11-07T00:44:27.939Z" },
    { url = "https://files.pythonhosted.org/packages/83/2b/9f6b643fe39d4505c7bf926d7c2595b7cb4b607c8c6b500e56c6b36ac238/wrapt-2.0.1-cp313-cp313t-musllinux_1_2_x86_64.whl", hash = "sha256:c1c91405fcf1d501fa5d55df21e58ea49e6b879ae829f1039faaf7e5e509b41e", size = 150325, upload-time = "2025-11-07T00:44:29.29Z" },
    { url = "https://files.pythonhosted.org/packages/bb/b6/20ffcf2558596a7f58a2e69c89597128781f0b88e124bf5a4cadc05b8139/wrapt-2.0.1-cp313-cp313t-win32.whl", hash = "sha256:e76e3f91f864e89db8b8d2a8311d57df93f01ad6bb1e9b9976d1f2e83e18315c", size = 59943, upload-time = "2025-11-07T00:44:33.211Z" },
    { url = "https://files.pythonhosted.org/packages/87/6a/0e56111cbb3320151eed5d3821ee1373be13e05b376ea0870711f18810c3/wrapt-2.0.1-cp313-cp313t-win_amd64.whl", hash = "sha256:83ce30937f0ba0d28818807b303a412440c4b63e39d3d8fc036a94764b728c92", size = 63240, upload-time = "2025-11-07T00:44:30.935Z" },
    { url = "https://files.pythonhosted.org/packages/1d/54/5ab4c53ea1f7f7e5c3e7c1095db92932cc32fd62359d285486d00c2884c3/wrapt-2.0.1-cp313-cp313t-win_arm64.whl", hash = "sha256:4b55cacc57e1dc2d0991dbe74c6419ffd415fb66474a02335cb10efd1aa3f84f", size = 60416, upload-time = "2025-11-07T00:44:32.002Z" },
    { url = "https://files.pythonhosted.org/packages/73/81/d08d83c102709258e7730d3cd25befd114c60e43ef3891d7e6877971c514/wrapt-2.0.1-cp314-cp314-macosx_10_13_universal2.whl", hash = "sha256:5e53b428f65ece6d9dad23cb87e64506392b720a0b45076c05354d27a13351a1", size = 78290, upload-time = "2025-11-07T00:44:34.691Z" },
    { url = "https://files.pythonhosted.org/packages/f6/14/393afba2abb65677f313aa680ff0981e829626fed39b6a7e3ec807487790/wrapt-2.0.1-cp314-cp314-macosx_10_13_x86_64.whl", hash = "sha256:ad3ee9d0f254851c71780966eb417ef8e72117155cff04821ab9b60549694a55", size = 61255, upload-time = "2025-11-07T00:44:35.762Z" },
    { url = "https://files.pythonhosted.org/packages/c4/10/a4a1f2fba205a9462e36e708ba37e5ac95f4987a0f1f8fd23f0bf1fc3b0f/wrapt-2.0.1-cp314-cp314-macosx_11_0_arm64.whl", hash = "sha256:d7b822c61ed04ee6ad64bc90d13368ad6eb094db54883b5dde2182f67a7f22c0", size = 61797, upload-time = "2025-11-07T00:44:37.22Z" },
    { url = "https://files.pythonhosted.org/packages/12/db/99ba5c37cf1c4fad35349174f1e38bd8d992340afc1ff27f526729b98986/wrapt-2.0.1-cp314-cp314-manylinux1_x86_64.manylinux_2_28_x86_64.manylinux_2_5_x86_64.whl", hash = "sha256:7164a55f5e83a9a0b031d3ffab4d4e36bbec42e7025db560f225489fa929e509", size = 120470, upload-time = "2025-11-07T00:44:39.425Z" },
    { url = "https://files.pythonhosted.org/packages/30/3f/a1c8d2411eb826d695fc3395a431757331582907a0ec59afce8fe8712473/wrapt-2.0.1-cp314-cp314-manylinux2014_aarch64.manylinux_2_17_aarch64.manylinux_2_28_aarch64.whl", hash = "sha256:e60690ba71a57424c8d9ff28f8d006b7ad7772c22a4af432188572cd7fa004a1", size = 122851, upload-time = "2025-11-07T00:44:40.582Z" },
    { url = "https://files.pythonhosted.org/packages/b3/8d/72c74a63f201768d6a04a8845c7976f86be6f5ff4d74996c272cefc8dafc/wrapt-2.0.1-cp314-cp314-manylinux_2_31_riscv64.manylinux_2_39_riscv64.whl", hash = "sha256:3cd1a4bd9a7a619922a8557e1318232e7269b5fb69d4ba97b04d20450a6bf970", size = 117433, upload-time = "2025-11-07T00:44:38.313Z" },
    { url = "https://files.pythonhosted.org/packages/c7/5a/df37cf4042cb13b08256f8e27023e2f9b3d471d553376616591bb99bcb31/wrapt-2.0.1-cp314-cp314-musllinux_1_2_aarch64.whl", hash = "sha256:b4c2e3d777e38e913b8ce3a6257af72fb608f86a1df471cb1d4339755d0a807c", size = 121280, upload-time = "2025-11-07T00:44:41.69Z" },
    { url = "https://files.pythonhosted.org/packages/54/34/40d6bc89349f9931e1186ceb3e5fbd61d307fef814f09fbbac98ada6a0c8/wrapt-2.0.1-cp314-cp314-musllinux_1_2_riscv64.whl", hash = "sha256:3d366aa598d69416b5afedf1faa539fac40c1d80a42f6b236c88c73a3c8f2d41", size = 116343, upload-time = "2025-11-07T00:44:43.013Z" },
    { url = "https://files.pythonhosted.org/packages/70/66/81c3461adece09d20781dee17c2366fdf0cb8754738b521d221ca056d596/wrapt-2.0.1-cp314-cp314-musllinux_1_2_x86_64.whl", hash = "sha256:c235095d6d090aa903f1db61f892fffb779c1eaeb2a50e566b52001f7a0f66ed", size = 119650, upload-time = "2025-11-07T00:44:44.523Z" },
    { url = "https://files.pythonhosted.org/packages/46/3a/d0146db8be8761a9e388cc9cc1c312b36d583950ec91696f19bbbb44af5a/wrapt-2.0.1-cp314-cp314-win32.whl", hash = "sha256:bfb5539005259f8127ea9c885bdc231978c06b7a980e63a8a61c8c4c979719d0", size = 58701, upload-time = "2025-11-07T00:44:48.277Z" },
    { url = "https://files.pythonhosted.org/packages/1a/38/5359da9af7d64554be63e9046164bd4d8ff289a2dd365677d25ba3342c08/wrapt-2.0.1-cp314-cp314-win_amd64.whl", hash = "sha256:4ae879acc449caa9ed43fc36ba08392b9412ee67941748d31d94e3cedb36628c", size = 60947, upload-time = "2025-11-07T00:44:46.086Z" },
    { url = "https://files.pythonhosted.org/packages/aa/3f/96db0619276a833842bf36343685fa04f987dd6e3037f314531a1e00492b/wrapt-2.0.1-cp314-cp314-win_arm64.whl", hash = "sha256:8639b843c9efd84675f1e100ed9e99538ebea7297b62c4b45a7042edb84db03e", size = 59359, upload-time = "2025-11-07T00:44:47.164Z" },
    { url = "https://files.pythonhosted.org/packages/71/49/5f5d1e867bf2064bf3933bc6cf36ade23505f3902390e175e392173d36a2/wrapt-2.0.1-cp314-cp314t-macosx_10_13_universal2.whl", hash = "sha256:9219a1d946a9b32bb23ccae66bdb61e35c62773ce7ca6509ceea70f344656b7b", size = 82031, upload-time = "2025-11-07T00:44:49.4Z" },
    { url = "https://files.pythonhosted.org/packages/2b/89/0009a218d88db66ceb83921e5685e820e2c61b59bbbb1324ba65342668bc/wrapt-2.0.1-cp314-cp314t-macosx_10_13_x86_64.whl", hash = "sha256:fa4184e74197af3adad3c889a1af95b53bb0466bced92ea99a0c014e48323eec", size = 62952, upload-time = "2025-11-07T00:44:50.74Z" },
    { url = "https://files.pythonhosted.org/packages/ae/18/9b968e920dd05d6e44bcc918a046d02afea0fb31b2f1c80ee4020f377cbe/wrapt-2.0.1-cp314-cp314t-macosx_11_0_arm64.whl", hash = "sha256:c5ef2f2b8a53b7caee2f797ef166a390fef73979b15778a4a153e4b5fedce8fa", size = 63688, upload-time = "2025-11-07T00:44:52.248Z" },
    { url = "https://files.pythonhosted.org/packages/a6/7d/78bdcb75826725885d9ea26c49a03071b10c4c92da93edda612910f150e4/wrapt-2.0.1-cp314-cp314t-manylinux1_x86_64.manylinux_2_28_x86_64.manylinux_2_5_x86_64.whl", hash = "sha256:e042d653a4745be832d5aa190ff80ee4f02c34b21f4b785745eceacd0907b815", size = 152706, upload-time = "2025-11-07T00:44:54.613Z" },
    { url = "https://files.pythonhosted.org/packages/dd/77/cac1d46f47d32084a703df0d2d29d47e7eb2a7d19fa5cbca0e529ef57659/wrapt-2.0.1-cp314-cp314t-manylinux2014_aarch64.manylinux_2_17_aarch64.manylinux_2_28_aarch64.whl", hash = "sha256:2afa23318136709c4b23d87d543b425c399887b4057936cd20386d5b1422b6fa", size = 158866, upload-time = "2025-11-07T00:44:55.79Z" },
    { url = "https://files.pythonhosted.org/packages/8a/11/b521406daa2421508903bf8d5e8b929216ec2af04839db31c0a2c525eee0/wrapt-2.0.1-cp314-cp314t-manylinux_2_31_riscv64.manylinux_2_39_riscv64.whl", hash = "sha256:6c72328f668cf4c503ffcf9434c2b71fdd624345ced7941bc6693e61bbe36bef", size = 146148, upload-time = "2025-11-07T00:44:53.388Z" },
    { url = "https://files.pythonhosted.org/packages/0c/c0/340b272bed297baa7c9ce0c98ef7017d9c035a17a6a71dce3184b8382da2/wrapt-2.0.1-cp314-cp314t-musllinux_1_2_aarch64.whl", hash = "sha256:3793ac154afb0e5b45d1233cb94d354ef7a983708cc3bb12563853b1d8d53747", size = 155737, upload-time = "2025-11-07T00:44:56.971Z" },
    { url = "https://files.pythonhosted.org/packages/f3/93/bfcb1fb2bdf186e9c2883a4d1ab45ab099c79cbf8f4e70ea453811fa3ea7/wrapt-2.0.1-cp314-cp314t-musllinux_1_2_riscv64.whl", hash = "sha256:fec0d993ecba3991645b4857837277469c8cc4c554a7e24d064d1ca291cfb81f", size = 144451, upload-time = "2025-11-07T00:44:58.515Z" },
    { url = "https://files.pythonhosted.org/packages/d2/6b/dca504fb18d971139d232652656180e3bd57120e1193d9a5899c3c0b7cdd/wrapt-2.0.1-cp314-cp314t-musllinux_1_2_x86_64.whl", hash = "sha256:949520bccc1fa227274da7d03bf238be15389cd94e32e4297b92337df9b7a349", size = 150353, upload-time = "2025-11-07T00:44:59.753Z" },
    { url = "https://files.pythonhosted.org/packages/1d/f6/a1de4bd3653afdf91d250ca5c721ee51195df2b61a4603d4b373aa804d1d/wrapt-2.0.1-cp314-cp314t-win32.whl", hash = "sha256:be9e84e91d6497ba62594158d3d31ec0486c60055c49179edc51ee43d095f79c", size = 60609, upload-time = "2025-11-07T00:45:03.315Z" },
    { url = "https://files.pythonhosted.org/packages/01/3a/07cd60a9d26fe73efead61c7830af975dfdba8537632d410462672e4432b/wrapt-2.0.1-cp314-cp314t-win_amd64.whl", hash = "sha256:61c4956171c7434634401db448371277d07032a81cc21c599c22953374781395", size = 64038, upload-time = "2025-11-07T00:45:00.948Z" },
    { url = "https://files.pythonhosted.org/packages/41/99/8a06b8e17dddbf321325ae4eb12465804120f699cd1b8a355718300c62da/wrapt-2.0.1-cp314-cp314t-win_arm64.whl", hash = "sha256:35cdbd478607036fee40273be8ed54a451f5f23121bd9d4be515158f9498f7ad", size = 60634, upload-time = "2025-11-07T00:45:02.087Z" },
    { url = "https://files.pythonhosted.org/packages/4d/26/ed6979672ebe0e33f6059fdc8182c4c536e575b6f03d349a542082ca03fb/wrapt-2.0.1-cp38-cp38-macosx_10_9_universal2.whl", hash = "sha256:90897ea1cf0679763b62e79657958cd54eae5659f6360fc7d2ccc6f906342183", size = 77192, upload-time = "2025-11-07T00:45:04.493Z" },
    { url = "https://files.pythonhosted.org/packages/b5/a5/fb0974e8d21ef17f75ffa365b395c04eefa23eb6e45548e94c781e93c306/wrapt-2.0.1-cp38-cp38-macosx_10_9_x86_64.whl", hash = "sha256:50844efc8cdf63b2d90cd3d62d4947a28311e6266ce5235a219d21b195b4ec2c", size = 60475, upload-time = "2025-11-07T00:45:05.671Z" },
    { url = "https://files.pythonhosted.org/packages/6b/7b/56bf38c8bd5e8a48749f1a13c743eddcbd7a616da342b4877f79ec3e7087/wrapt-2.0.1-cp38-cp38-macosx_11_0_arm64.whl", hash = "sha256:49989061a9977a8cbd6d20f2efa813f24bf657c6990a42967019ce779a878dbf", size = 61311, upload-time = "2025-11-07T00:45:06.822Z" },
    { url = "https://files.pythonhosted.org/packages/18/70/ba94af50f2145cb431163d74d405083beb16782818b20c956138e4f59299/wrapt-2.0.1-cp38-cp38-manylinux1_x86_64.manylinux_2_28_x86_64.manylinux_2_5_x86_64.whl", hash = "sha256:09c7476ab884b74dce081ad9bfd07fe5822d8600abade571cb1f66d5fc915af6", size = 118542, upload-time = "2025-11-07T00:45:08.324Z" },
    { url = "https://files.pythonhosted.org/packages/14/ac/537c8f9cec8a422cfed45b28665ea33344928fd67913e5ff98af0c11470c/wrapt-2.0.1-cp38-cp38-manylinux2014_aarch64.manylinux_2_17_aarch64.manylinux_2_28_aarch64.whl", hash = "sha256:d1a8a09a004ef100e614beec82862d11fc17d601092c3599afd22b1f36e4137e", size = 120989, upload-time = "2025-11-07T00:45:09.928Z" },
    { url = "https://files.pythonhosted.org/packages/7f/b8/463284d8a74e56c88f5f2fb9b572178a294e0beb945b8ee2a7ca43a1696d/wrapt-2.0.1-cp38-cp38-musllinux_1_2_aarch64.whl", hash = "sha256:89a82053b193837bf93c0f8a57ded6e4b6d88033a499dadff5067e912c2a41e9", size = 118937, upload-time = "2025-11-07T00:45:11.157Z" },
    { url = "https://files.pythonhosted.org/packages/3c/8e/08b8f9de6b3cfd269504b345d31679d283e50cc93cb0521a44475bb7311b/wrapt-2.0.1-cp38-cp38-musllinux_1_2_x86_64.whl", hash = "sha256:f26f8e2ca19564e2e1fdbb6a0e47f36e0efbab1acc31e15471fad88f828c75f6", size = 117150, upload-time = "2025-11-07T00:45:12.324Z" },
    { url = "https://files.pythonhosted.org/packages/4c/f3/0eab878bb4d0eadbec2b75e399cfa6aa802e634587756d59419080aae1f5/wrapt-2.0.1-cp38-cp38-win32.whl", hash = "sha256:115cae4beed3542e37866469a8a1f2b9ec549b4463572b000611e9946b86e6f6", size = 57936, upload-time = "2025-11-07T00:45:15.468Z" },
    { url = "https://files.pythonhosted.org/packages/03/e5/fc964b370bf568312deda176682138ccbd41960285a7de49002183e2aa08/wrapt-2.0.1-cp38-cp38-win_amd64.whl", hash = "sha256:c4012a2bd37059d04f8209916aa771dfb564cccb86079072bdcd48a308b6a5c5", size = 60308, upload-time = "2025-11-07T00:45:13.573Z" },
    { url = "https://files.pythonhosted.org/packages/c6/1f/5af0ae22368ec69067a577f9e07a0dd2619a1f63aabc2851263679942667/wrapt-2.0.1-cp39-cp39-macosx_10_9_universal2.whl", hash = "sha256:68424221a2dc00d634b54f92441914929c5ffb1c30b3b837343978343a3512a3", size = 77478, upload-time = "2025-11-07T00:45:16.65Z" },
    { url = "https://files.pythonhosted.org/packages/8c/b7/fd6b563aada859baabc55db6aa71b8afb4a3ceb8bc33d1053e4c7b5e0109/wrapt-2.0.1-cp39-cp39-macosx_10_9_x86_64.whl", hash = "sha256:6bd1a18f5a797fe740cb3d7a0e853a8ce6461cc62023b630caec80171a6b8097", size = 60687, upload-time = "2025-11-07T00:45:17.896Z" },
    { url = "https://files.pythonhosted.org/packages/0f/8c/9ededfff478af396bcd081076986904bdca336d9664d247094150c877dcb/wrapt-2.0.1-cp39-cp39-macosx_11_0_arm64.whl", hash = "sha256:fb3a86e703868561c5cad155a15c36c716e1ab513b7065bd2ac8ed353c503333", size = 61563, upload-time = "2025-11-07T00:45:19.109Z" },
    { url = "https://files.pythonhosted.org/packages/ab/a7/d795a1aa2b6ab20ca21157fe03cbfc6aa7e870a88ac3b4ea189e2f6c79f0/wrapt-2.0.1-cp39-cp39-manylinux1_x86_64.manylinux_2_28_x86_64.manylinux_2_5_x86_64.whl", hash = "sha256:5dc1b852337c6792aa111ca8becff5bacf576bf4a0255b0f05eb749da6a1643e", size = 113395, upload-time = "2025-11-07T00:45:21.551Z" },
    { url = "https://files.pythonhosted.org/packages/61/32/56cde2bbf95f2d5698a1850a765520aa86bc7ae0f95b8ec80b6f2e2049bb/wrapt-2.0.1-cp39-cp39-manylinux2014_aarch64.manylinux_2_17_aarch64.manylinux_2_28_aarch64.whl", hash = "sha256:c046781d422f0830de6329fa4b16796096f28a92c8aef3850674442cdcb87b7f", size = 115362, upload-time = "2025-11-07T00:45:22.809Z" },
    { url = "https://files.pythonhosted.org/packages/cf/53/8d3cc433847c219212c133a3e8305bd087b386ef44442ff39189e8fa62ac/wrapt-2.0.1-cp39-cp39-manylinux_2_31_riscv64.manylinux_2_39_riscv64.whl", hash = "sha256:f73f9f7a0ebd0db139253d27e5fc8d2866ceaeef19c30ab5d69dcbe35e1a6981", size = 111766, upload-time = "2025-11-07T00:45:20.294Z" },
    { url = "https://files.pythonhosted.org/packages/b8/d3/14b50c2d0463c0dcef8f388cb1527ed7bbdf0972b9fd9976905f36c77ebf/wrapt-2.0.1-cp39-cp39-musllinux_1_2_aarch64.whl", hash = "sha256:b667189cf8efe008f55bbda321890bef628a67ab4147ebf90d182f2dadc78790", size = 114560, upload-time = "2025-11-07T00:45:24.054Z" },
    { url = "https://files.pythonhosted.org/packages/3a/b8/4f731ff178f77ae55385586de9ff4b4261e872cf2ced4875e6c976fbcb8b/wrapt-2.0.1-cp39-cp39-musllinux_1_2_riscv64.whl", hash = "sha256:a9a83618c4f0757557c077ef71d708ddd9847ed66b7cc63416632af70d3e2308", size = 110999, upload-time = "2025-11-07T00:45:25.596Z" },
    { url = "https://files.pythonhosted.org/packages/fe/bb/5f1bb0f9ae9d12e19f1d71993d052082062603e83fe3e978377f918f054d/wrapt-2.0.1-cp39-cp39-musllinux_1_2_x86_64.whl", hash = "sha256:1e9b121e9aeb15df416c2c960b8255a49d44b4038016ee17af03975992d03931", size = 113164, upload-time = "2025-11-07T00:45:26.8Z" },
    { url = "https://files.pythonhosted.org/packages/ad/f6/f3a3c623d3065c7bf292ee0b73566236b562d5ed894891bd8e435762b618/wrapt-2.0.1-cp39-cp39-win32.whl", hash = "sha256:1f186e26ea0a55f809f232e92cc8556a0977e00183c3ebda039a807a42be1494", size = 58028, upload-time = "2025-11-07T00:45:30.943Z" },
    { url = "https://files.pythonhosted.org/packages/24/78/647c609dfa18063a7fcd5c23f762dd006be401cc9206314d29c9b0b12078/wrapt-2.0.1-cp39-cp39-win_amd64.whl", hash = "sha256:bf4cb76f36be5de950ce13e22e7fdf462b35b04665a12b64f3ac5c1bbbcf3728", size = 60380, upload-time = "2025-11-07T00:45:28.341Z" },
    { url = "https://files.pythonhosted.org/packages/07/90/0c14b241d18d80ddf4c847a5f52071e126e8a6a9e5a8a7952add8ef0d766/wrapt-2.0.1-cp39-cp39-win_arm64.whl", hash = "sha256:d6cc985b9c8b235bd933990cdbf0f891f8e010b65a3911f7a55179cd7b0fc57b", size = 58895, upload-time = "2025-11-07T00:45:29.527Z" },
    { url = "https://files.pythonhosted.org/packages/15/d1/b51471c11592ff9c012bd3e2f7334a6ff2f42a7aed2caffcf0bdddc9cb89/wrapt-2.0.1-py3-none-any.whl", hash = "sha256:4d2ce1bf1a48c5277d7969259232b57645aae5686dba1eaeade39442277afbca", size = 44046, upload-time = "2025-11-07T00:45:32.116Z" },
]

[[package]]
name = "zipp"
version = "3.20.2"
source = { registry = "https://pypi.org/simple" }
resolution-markers = [
    "python_full_version < '3.9'",
]
sdist = { url = "https://files.pythonhosted.org/packages/54/bf/5c0000c44ebc80123ecbdddba1f5dcd94a5ada602a9c225d84b5aaa55e86/zipp-3.20.2.tar.gz", hash = "sha256:bc9eb26f4506fda01b81bcde0ca78103b6e62f991b381fec825435c836edbc29", size = 24199, upload-time = "2024-09-13T13:44:16.101Z" }
wheels = [
    { url = "https://files.pythonhosted.org/packages/62/8b/5ba542fa83c90e09eac972fc9baca7a88e7e7ca4b221a89251954019308b/zipp-3.20.2-py3-none-any.whl", hash = "sha256:a817ac80d6cf4b23bf7f2828b7cabf326f15a001bea8b1f9b49631780ba28350", size = 9200, upload-time = "2024-09-13T13:44:14.38Z" },
]

[[package]]
name = "zipp"
version = "3.23.0"
source = { registry = "https://pypi.org/simple" }
resolution-markers = [
    "python_full_version >= '3.9'",
]
sdist = { url = "https://files.pythonhosted.org/packages/e3/02/0f2892c661036d50ede074e376733dca2ae7c6eb617489437771209d4180/zipp-3.23.0.tar.gz", hash = "sha256:a07157588a12518c9d4034df3fbbee09c814741a33ff63c05fa29d26a2404166", size = 25547, upload-time = "2025-06-08T17:06:39.4Z" }
wheels = [
    { url = "https://files.pythonhosted.org/packages/2e/54/647ade08bf0db230bfea292f893923872fd20be6ac6f53b2b936ba839d75/zipp-3.23.0-py3-none-any.whl", hash = "sha256:071652d6115ed432f5ce1d34c336c0adfd6a884660d1e9712a256d3d3bd4b14e", size = 10276, upload-time = "2025-06-08T17:06:38.034Z" },
]
