version = 1
revision = 3
requires-python = "==3.14.*"

[[package]]
name = "ops"
version = "2.17.1"
source = { registry = "https://pypi.org/simple" }
dependencies = [
    { name = "pyyaml" },
    { name = "websocket-client" },
]
sdist = { url = "https://files.pythonhosted.org/packages/d8/e7/86d1a22d0f2066deadbc6da3d73380e5e7e6da20b95108a7cdbe40f5c444/ops-2.17.1.tar.gz", hash = "sha256:de2d1dd382b4a5f3df3ba78a5266d59462644f3f8ea0f4e7479a248998862a3f", size = 477569, upload-time = "2024-11-28T07:03:20.747Z" }
wheels = [
    { url = "https://files.pythonhosted.org/packages/34/db/3f9884051be5df318e3f1d9e67737295b34d045a135147de8a49afa88f9b/ops-2.17.1-py3-none-any.whl", hash = "sha256:0fabc45740d59619c3265328f51f71f99b06557e22493cdd32d10c2b25bcd553", size = 176831, upload-time = "2024-11-28T07:03:18.35Z" },
]

[[package]]
name = "overrides"
version = "7.7.0"
source = { registry = "https://pypi.org/simple" }
sdist = { url = "https://files.pythonhosted.org/packages/36/86/b585f53236dec60aba864e050778b25045f857e17f6e5ea0ae95fe80edd2/overrides-7.7.0.tar.gz", hash = "sha256:55158fa3d93b98cc75299b1e67078ad9003ca27945c76162c1c0766d6f91820a", size = 22812, upload-time = "2024-01-27T21:01:33.423Z" }
wheels = [
    { url = "https://files.pythonhosted.org/packages/2c/ab/fc8290c6a4c722e5514d80f62b2dc4c4df1a68a41d1364e625c35990fcf3/overrides-7.7.0-py3-none-any.whl", hash = "sha256:c7ed9d062f78b8e4c1a7b70bd8796b35ead4d9f510227ef9c5dc7626c60d7e49", size = 17832, upload-time = "2024-01-27T21:01:31.393Z" },
]

[[package]]
name = "pyyaml"
version = "6.0.2"
source = { registry = "https://pypi.org/simple" }
sdist = { url = "https://files.pythonhosted.org/packages/54/ed/79a089b6be93607fa5cdaedf301d7dfb23af5f25c398d5ead2525b063e17/pyyaml-6.0.2.tar.gz", hash = "sha256:d584d9ec91ad65861cc08d42e834324ef890a082e591037abe114850ff7bbc3e", size = 130631, upload-time = "2024-08-06T20:33:50.674Z" }

[[package]]
name = "testcharm"
version = "0.1.0"
source = { virtual = "." }
dependencies = [
    { name = "ops" },
    { name = "overrides" },
]

[package.metadata]
requires-dist = [
    { name = "ops" },
    { name = "overrides" },
]

[[package]]
name = "websocket-client"
version = "1.8.0"
source = { registry = "https://pypi.org/simple" }
sdist = { url = "https://files.pythonhosted.org/packages/e6/30/fba0d96b4b5fbf5948ed3f4681f7da2f9f64512e1d303f94b4cc174c24a5/websocket_client-1.8.0.tar.gz", hash = "sha256:3239df9f44da632f96012472805d40a23281a991027ce11d2f45a6f24ac4c3da", size = 54648, upload-time = "2024-04-23T22:16:16.976Z" }
wheels = [
    { url = "https://files.pythonhosted.org/packages/5a/84/44687a29792a70e111c5c477230a72c4b957d88d16141199bf9acb7537a3/websocket_client-1.8.0-py3-none-any.whl", hash = "sha256:17b44cc997f5c498e809b22cdf2d9c7a9e71c02c8cc2b6c56e7c2d1239bfa526", size = 58826, upload-time = "2024-04-23T22:16:14.422Z" },
]
